
Microsoft Visual Studio Solution File, Format Version 12.00
# Visual Studio Version 17
VisualStudioVersion = 17.10.34916.146
MinimumVisualStudioVersion = 10.0.40219.1
Project("{9A19103F-16F7-4668-BE54-9A1E7A4F7556}") = "NeonTechDotNetDemo", "NeonTechDotNetDemo\NeonTechDotNetDemo.csproj", "{955AA3B6-E94A-4759-9FB9-308193FE068D}"
EndProject
Project("{2150E333-8FDC-42A3-9474-1A3956D46DE8}") = "Solution Items", "Solution Items", "{0550A675-DE1A-47C9-AECB-1AFFD16A7B18}"
	ProjectSection(SolutionItems) = preProject
		readme.md = readme.md
	EndProjectSection
EndProject
Global
	GlobalSection(SolutionConfigurationPlatforms) = preSolution
		Debug|Any CPU = Debug|Any CPU
		Release|Any CPU = Release|Any CPU
	EndGlobalSection
	GlobalSection(ProjectConfigurationPlatforms) = postSolution
		{955AA3B6-E94A-4759-9FB9-308193FE068D}.Debug|Any CPU.ActiveCfg = Debug|Any CPU
		{955AA3B6-E94A-4759-9FB9-308193FE068D}.Debug|Any CPU.Build.0 = Debug|Any CPU
		{955AA3B6-E94A-4759-9FB9-308193FE068D}.Release|Any CPU.ActiveCfg = Release|Any CPU
		{955AA3B6-E94A-4759-9FB9-308193FE068D}.Release|Any CPU.Build.0 = Release|Any CPU
	EndGlobalSection
	GlobalSection(SolutionProperties) = preSolution
		HideSolutionNode = FALSE
	EndGlobalSection
	GlobalSection(ExtensibilityGlobals) = postSolution
		SolutionGuid = {E4CEC0B0-9342-4B01-8B0C-8C971F6FE129}
	EndGlobalSection
EndGlobal
